
Microsoft Visual Studio Solution File, Format Version 12.00
# Visual Studio 15
VisualStudioVersion = 15.0.27004.2008
MinimumVisualStudioVersion = 10.0.40219.1
Project("{FAE04EC0-301F-11D3-BF4B-00C04F79EFBC}") = "MvxApp.Android", "MvxApp\MvxApp.Android\MvxApp.Android.csproj", "{6B49CA45-A86C-457B-AA20-C3829BB63FC4}"
EndProject
Project("{FAE04EC0-301F-11D3-BF4B-00C04F79EFBC}") = "MvxApp.iOS", "MvxApp\MvxApp.iOS\MvxApp.iOS.csproj", "{BD2F5DE7-72A8-425E-9EA5-C374D0713802}"
EndProject
Project("{FAE04EC0-301F-11D3-BF4B-00C04F79EFBC}") = "MvxApp.Core", "MvxApp\MvxApp\MvxApp.Core.csproj", "{52B75D44-CC6E-4416-9D20-969724A14568}"
EndProject
Global
	GlobalSection(SolutionConfigurationPlatforms) = preSolution
		Debug|Any CPU = Debug|Any CPU
		Debug|iPhone = Debug|iPhone
		Debug|iPhoneSimulator = Debug|iPhoneSimulator
		Release|Any CPU = Release|Any CPU
		Release|iPhone = Release|iPhone
		Release|iPhoneSimulator = Release|iPhoneSimulator
	EndGlobalSection
	GlobalSection(ProjectConfigurationPlatforms) = postSolution
		{6B49CA45-A86C-457B-AA20-C3829BB63FC4}.Debug|Any CPU.ActiveCfg = Debug|Any CPU
		{6B49CA45-A86C-457B-AA20-C3829BB63FC4}.Debug|Any CPU.Build.0 = Debug|Any CPU
		{6B49CA45-A86C-457B-AA20-C3829BB63FC4}.Debug|Any CPU.Deploy.0 = Debug|Any CPU
		{6B49CA45-A86C-457B-AA20-C3829BB63FC4}.Debug|iPhone.ActiveCfg = Debug|Any CPU
		{6B49CA45-A86C-457B-AA20-C3829BB63FC4}.Debug|iPhone.Build.0 = Debug|Any CPU
		{6B49CA45-A86C-457B-AA20-C3829BB63FC4}.Debug|iPhone.Deploy.0 = Debug|Any CPU
		{6B49CA45-A86C-457B-AA20-C3829BB63FC4}.Debug|iPhoneSimulator.ActiveCfg = Debug|Any CPU
		{6B49CA45-A86C-457B-AA20-C3829BB63FC4}.Debug|iPhoneSimulator.Build.0 = Debug|Any CPU
		{6B49CA45-A86C-457B-AA20-C3829BB63FC4}.Debug|iPhoneSimulator.Deploy.0 = Debug|Any CPU
		{6B49CA45-A86C-457B-AA20-C3829BB63FC4}.Release|Any CPU.ActiveCfg = Release|Any CPU
		{6B49CA45-A86C-457B-AA20-C3829BB63FC4}.Release|Any CPU.Build.0 = Release|Any CPU
		{6B49CA45-A86C-457B-AA20-C3829BB63FC4}.Release|Any CPU.Deploy.0 = Release|Any CPU
		{6B49CA45-A86C-457B-AA20-C3829BB63FC4}.Release|iPhone.ActiveCfg = Release|Any CPU
		{6B49CA45-A86C-457B-AA20-C3829BB63FC4}.Release|iPhone.Build.0 = Release|Any CPU
		{6B49CA45-A86C-457B-AA20-C3829BB63FC4}.Release|iPhone.Deploy.0 = Release|Any CPU
		{6B49CA45-A86C-457B-AA20-C3829BB63FC4}.Release|iPhoneSimulator.ActiveCfg = Release|Any CPU
		{6B49CA45-A86C-457B-AA20-C3829BB63FC4}.Release|iPhoneSimulator.Build.0 = Release|Any CPU
		{6B49CA45-A86C-457B-AA20-C3829BB63FC4}.Release|iPhoneSimulator.Deploy.0 = Release|Any CPU
		{BD2F5DE7-72A8-425E-9EA5-C374D0713802}.Debug|Any CPU.ActiveCfg = Debug|iPhoneSimulator
		{BD2F5DE7-72A8-425E-9EA5-C374D0713802}.Debug|iPhone.ActiveCfg = Debug|iPhone
		{BD2F5DE7-72A8-425E-9EA5-C374D0713802}.Debug|iPhone.Build.0 = Debug|iPhone
		{BD2F5DE7-72A8-425E-9EA5-C374D0713802}.Debug|iPhoneSimulator.ActiveCfg = Debug|iPhoneSimulator
		{BD2F5DE7-72A8-425E-9EA5-C374D0713802}.Debug|iPhoneSimulator.Build.0 = Debug|iPhoneSimulator
		{BD2F5DE7-72A8-425E-9EA5-C374D0713802}.Release|Any CPU.ActiveCfg = Release|iPhoneSimulator
		{BD2F5DE7-72A8-425E-9EA5-C374D0713802}.Release|iPhone.ActiveCfg = Release|iPhone
		{BD2F5DE7-72A8-425E-9EA5-C374D0713802}.Release|iPhone.Build.0 = Release|iPhone
		{BD2F5DE7-72A8-425E-9EA5-C374D0713802}.Release|iPhoneSimulator.ActiveCfg = Release|iPhoneSimulator
		{BD2F5DE7-72A8-425E-9EA5-C374D0713802}.Release|iPhoneSimulator.Build.0 = Release|iPhoneSimulator
		{52B75D44-CC6E-4416-9D20-969724A14568}.Debug|Any CPU.ActiveCfg = Debug|Any CPU
		{52B75D44-CC6E-4416-9D20-969724A14568}.Debug|Any CPU.Build.0 = Debug|Any CPU
		{52B75D44-CC6E-4416-9D20-969724A14568}.Debug|iPhone.ActiveCfg = Debug|Any CPU
		{52B75D44-CC6E-4416-9D20-969724A14568}.Debug|iPhone.Build.0 = Debug|Any CPU
		{52B75D44-CC6E-4416-9D20-969724A14568}.Debug|iPhoneSimulator.ActiveCfg = Debug|Any CPU
		{52B75D44-CC6E-4416-9D20-969724A14568}.Debug|iPhoneSimulator.Build.0 = Debug|Any CPU
		{52B75D44-CC6E-4416-9D20-969724A14568}.Release|Any CPU.ActiveCfg = Release|Any CPU
		{52B75D44-CC6E-4416-9D20-969724A14568}.Release|Any CPU.Build.0 = Release|Any CPU
		{52B75D44-CC6E-4416-9D20-969724A14568}.Release|iPhone.ActiveCfg = Release|Any CPU
		{52B75D44-CC6E-4416-9D20-969724A14568}.Release|iPhone.Build.0 = Release|Any CPU
		{52B75D44-CC6E-4416-9D20-969724A14568}.Release|iPhoneSimulator.ActiveCfg = Release|Any CPU
		{52B75D44-CC6E-4416-9D20-969724A14568}.Release|iPhoneSimulator.Build.0 = Release|Any CPU
	EndGlobalSection
	GlobalSection(SolutionProperties) = preSolution
		HideSolutionNode = FALSE
	EndGlobalSection
	GlobalSection(ExtensibilityGlobals) = postSolution
		SolutionGuid = {00BE2D24-9D1B-4490-9D65-5C931307BD22}
	EndGlobalSection
EndGlobal
